// !$*UTF8*$!
{
	archiveVersion = 1;
	classes = {
	};
	objectVersion = 48;
	objects = {

/* Begin PBXBuildFile section */
		912B7FB32029E5FB00B6446D /* main.swift in Sources */ = {isa = PBXBuildFile; fileRef = 912B7FB22029E5FB00B6446D /* main.swift */; };
		912B7FBC2029E69E00B6446D /* TestA.swift in Sources */ = {isa = PBXBuildFile; fileRef = 912B7FBB2029E69E00B6446D /* TestA.swift */; };
		912B7FBE2029E6C500B6446D /* Protocol.swift in Sources */ = {isa = PBXBuildFile; fileRef = 912B7FBD2029E6C500B6446D /* Protocol.swift */; };
		912B7FC02029EC5700B6446D /* TestB.swift in Sources */ = {isa = PBXBuildFile; fileRef = 912B7FBF2029EC5700B6446D /* TestB.swift */; };
		912B7FC22029EF4700B6446D /* Arithmetic.swift in Sources */ = {isa = PBXBuildFile; fileRef = 912B7FC12029EF4700B6446D /* Arithmetic.swift */; };
		912B7FC42029F1F100B6446D /* Operation.swift in Sources */ = {isa = PBXBuildFile; fileRef = 912B7FC32029F1F100B6446D /* Operation.swift */; };
		912B7FC6202A010700B6446D /* Extension.swift in Sources */ = {isa = PBXBuildFile; fileRef = 912B7FC5202A010700B6446D /* Extension.swift */; };
/* End PBXBuildFile section */

/* Begin PBXCopyFilesBuildPhase section */
		912B7FAD2029E5FB00B6446D /* CopyFiles */ = {
			isa = PBXCopyFilesBuildPhase;
			buildActionMask = 2147483647;
			dstPath = /usr/share/man/man1/;
			dstSubfolderSpec = 0;
			files = (
			);
			runOnlyForDeploymentPostprocessing = 1;
		};
/* End PBXCopyFilesBuildPhase section */

/* Begin PBXFileReference section */
		912B7FAF2029E5FB00B6446D /* day7 */ = {isa = PBXFileReference; explicitFileType = "compiled.mach-o.executable"; includeInIndex = 0; path = day7; sourceTree = BUILT_PRODUCTS_DIR; };
		912B7FB22029E5FB00B6446D /* main.swift */ = {isa = PBXFileReference; lastKnownFileType = sourcecode.swift; path = main.swift; sourceTree = "<group>"; };
		912B7FBB2029E69E00B6446D /* TestA.swift */ = {isa = PBXFileReference; lastKnownFileType = sourcecode.swift; path = TestA.swift; sourceTree = "<group>"; };
		912B7FBD2029E6C500B6446D /* Protocol.swift */ = {isa = PBXFileReference; lastKnownFileType = sourcecode.swift; path = Protocol.swift; sourceTree = "<group>"; };
		912B7FBF2029EC5700B6446D /* TestB.swift */ = {isa = PBXFileReference; lastKnownFileType = sourcecode.swift; path = TestB.swift; sourceTree = "<group>"; };
		912B7FC12029EF4700B6446D /* Arithmetic.swift */ = {isa = PBXFileReference; lastKnownFileType = sourcecode.swift; path = Arithmetic.swift; sourceTree = "<group>"; };
		912B7FC32029F1F100B6446D /* Operation.swift */ = {isa = PBXFileReference; lastKnownFileType = sourcecode.swift; path = Operation.swift; sourceTree = "<group>"; };
		912B7FC5202A010700B6446D /* Extension.swift */ = {isa = PBXFileReference; lastKnownFileType = sourcecode.swift; path = Extension.swift; sourceTree = "<group>"; };
/* End PBXFileReference section */

/* Begin PBXFrameworksBuildPhase section */
		912B7FAC2029E5FB00B6446D /* Frameworks */ = {
			isa = PBXFrameworksBuildPhase;
			buildActionMask = 2147483647;
			files = (
			);
			runOnlyForDeploymentPostprocessing = 0;
		};
/* End PBXFrameworksBuildPhase section */

/* Begin PBXGroup section */
		912B7FA62029E5FB00B6446D = {
			isa = PBXGroup;
			children = (
				912B7FB12029E5FB00B6446D /* day7 */,
				912B7FB02029E5FB00B6446D /* Products */,
			);
			sourceTree = "<group>";
		};
		912B7FB02029E5FB00B6446D /* Products */ = {
			isa = PBXGroup;
			children = (
				912B7FAF2029E5FB00B6446D /* day7 */,
			);
			name = Products;
			sourceTree = "<group>";
		};
		912B7FB12029E5FB00B6446D /* day7 */ = {
			isa = PBXGroup;
			children = (
				912B7FB22029E5FB00B6446D /* main.swift */,
				912B7FBB2029E69E00B6446D /* TestA.swift */,
				912B7FBD2029E6C500B6446D /* Protocol.swift */,
				912B7FBF2029EC5700B6446D /* TestB.swift */,
				912B7FC12029EF4700B6446D /* Arithmetic.swift */,
				912B7FC32029F1F100B6446D /* Operation.swift */,
				912B7FC5202A010700B6446D /* Extension.swift */,
			);
			path = day7;
			sourceTree = "<group>";
		};
/* End PBXGroup section */

/* Begin PBXNativeTarget section */
		912B7FAE2029E5FB00B6446D /* day7 */ = {
			isa = PBXNativeTarget;
			buildConfigurationList = 912B7FB62029E5FB00B6446D /* Build configuration list for PBXNativeTarget "day7" */;
			buildPhases = (
				912B7FAB2029E5FB00B6446D /* Sources */,
				912B7FAC2029E5FB00B6446D /* Frameworks */,
				912B7FAD2029E5FB00B6446D /* CopyFiles */,
			);
			buildRules = (
			);
			dependencies = (
			);
			name = day7;
			productName = day7;
			productReference = 912B7FAF2029E5FB00B6446D /* day7 */;
			productType = "com.apple.product-type.tool";
		};
/* End PBXNativeTarget section */

/* Begin PBXProject section */
		912B7FA72029E5FB00B6446D /* Project object */ = {
			isa = PBXProject;
			attributes = {
				LastSwiftUpdateCheck = 0920;
				LastUpgradeCheck = 0920;
				ORGANIZATIONNAME = "Anna Nekha Shabu";
				TargetAttributes = {
					912B7FAE2029E5FB00B6446D = {
						CreatedOnToolsVersion = 9.2;
						ProvisioningStyle = Automatic;
					};
				};
			};
			buildConfigurationList = 912B7FAA2029E5FB00B6446D /* Build configuration list for PBXProject "day7" */;
			compatibilityVersion = "Xcode 8.0";
			developmentRegion = en;
			hasScannedForEncodings = 0;
			knownRegions = (
				en,
			);
			mainGroup = 912B7FA62029E5FB00B6446D;
			productRefGroup = 912B7FB02029E5FB00B6446D /* Products */;
			projectDirPath = "";
			projectRoot = "";
			targets = (
				912B7FAE2029E5FB00B6446D /* day7 */,
			);
		};
/* End PBXProject section */

/* Begin PBXSourcesBuildPhase section */
		912B7FAB2029E5FB00B6446D /* Sources */ = {
			isa = PBXSourcesBuildPhase;
			buildActionMask = 2147483647;
			files = (
				912B7FC22029EF4700B6446D /* Arithmetic.swift in Sources */,
				912B7FC42029F1F100B6446D /* Operation.swift in Sources */,
				912B7FC6202A010700B6446D /* Extension.swift in Sources */,
				912B7FC02029EC5700B6446D /* TestB.swift in Sources */,
				912B7FB32029E5FB00B6446D /* main.swift in Sources */,
				912B7FBC2029E69E00B6446D /* TestA.swift in Sources */,
				912B7FBE2029E6C500B6446D /* Protocol.swift in Sources */,
			);
			runOnlyForDeploymentPostprocessing = 0;
		};
/* End PBXSourcesBuildPhase section */

/* Begin XCBuildConfiguration section */
		912B7FB42029E5FB00B6446D /* Debug */ = {
			isa = XCBuildConfiguration;
			buildSettings = {
				ALWAYS_SEARCH_USER_PATHS = NO;
				CLANG_ANALYZER_NONNULL = YES;
				CLANG_ANALYZER_NUMBER_OBJECT_CONVERSION = YES_AGGRESSIVE;
				CLANG_CXX_LANGUAGE_STANDARD = "gnu++14";
				CLANG_CXX_LIBRARY = "libc++";
				CLANG_ENABLE_MODULES = YES;
				CLANG_ENABLE_OBJC_ARC = YES;
				CLANG_WARN_BLOCK_CAPTURE_AUTORELEASING = YES;
				CLANG_WARN_BOOL_CONVERSION = YES;
				CLANG_WARN_COMMA = YES;
				CLANG_WARN_CONSTANT_CONVERSION = YES;
				CLANG_WARN_DIRECT_OBJC_ISA_USAGE = YES_ERROR;
				CLANG_WARN_DOCUMENTATION_COMMENTS = YES;
				CLANG_WARN_EMPTY_BODY = YES;
				CLANG_WARN_ENUM_CONVERSION = YES;
				CLANG_WARN_INFINITE_RECURSION = YES;
				CLANG_WARN_INT_CONVERSION = YES;
				CLANG_WARN_NON_LITERAL_NULL_CONVERSION = YES;
				CLANG_WARN_OBJC_LITERAL_CONVERSION = YES;
				CLANG_WARN_OBJC_ROOT_CLASS = YES_ERROR;
				CLANG_WARN_RANGE_LOOP_ANALYSIS = YES;
				CLANG_WARN_STRICT_PROTOTYPES = YES;
				CLANG_WARN_SUSPICIOUS_MOVE = YES;
				CLANG_WARN_UNGUARDED_AVAILABILITY = YES_AGGRESSIVE;
				CLANG_WARN_UNREACHABLE_CODE = YES;
				CLANG_WARN__DUPLICATE_METHOD_MATCH = YES;
				CODE_SIGN_IDENTITY = "-";
				COPY_PHASE_STRIP = NO;
				DEBUG_INFORMATION_FORMAT = dwarf;
				ENABLE_STRICT_OBJC_MSGSEND = YES;
				ENABLE_TESTABILITY = YES;
				GCC_C_LANGUAGE_STANDARD = gnu11;
				GCC_DYNAMIC_NO_PIC = NO;
				GCC_NO_COMMON_BLOCKS = YES;
				GCC_OPTIMIZATION_LEVEL = 0;
				GCC_PREPROCESSOR_DEFINITIONS = (
					"DEBUG=1",
					"$(inherited)",
				);
				GCC_WARN_64_TO_32_BIT_CONVERSION = YES;
				GCC_WARN_ABOUT_RETURN_TYPE = YES_ERROR;
				GCC_WARN_UNDECLARED_SELECTOR = YES;
				GCC_WARN_UNINITIALIZED_AUTOS = YES_AGGRESSIVE;
				GCC_WARN_UNUSED_FUNCTION = YES;
				GCC_WARN_UNUSED_VARIABLE = YES;
				MACOSX_DEPLOYMENT_TARGET = 10.13;
				MTL_ENABLE_DEBUG_INFO = YES;
				ONLY_ACTIVE_ARCH = YES;
				SDKROOT = macosx;
				SWIFT_ACTIVE_COMPILATION_CONDITIONS = DEBUG;
				SWIFT_OPTIMIZATION_LEVEL = "-Onone";
			};
			name = Debug;
		};
		912B7FB52029E5FB00B6446D /* Release */ = {
			isa = XCBuildConfiguration;
			buildSettings = {
				ALWAYS_SEARCH_USER_PATHS = NO;
				CLANG_ANALYZER_NONNULL = YES;
				CLANG_ANALYZER_NUMBER_OBJECT_CONVERSION = YES_AGGRESSIVE;
				CLANG_CXX_LANGUAGE_STANDARD = "gnu++14";
				CLANG_CXX_LIBRARY = "libc++";
				CLANG_ENABLE_MODULES = YES;
				CLANG_ENABLE_OBJC_ARC = YES;
				CLANG_WARN_BLOCK_CAPTURE_AUTORELEASING = YES;
				CLANG_WARN_BOOL_CONVERSION = YES;
				CLANG_WARN_COMMA = YES;
				CLANG_WARN_CONSTANT_CONVERSION = YES;
				CLANG_WARN_DIRECT_OBJC_ISA_USAGE = YES_ERROR;
				CLANG_WARN_DOCUMENTATION_COMMENTS = YES;
				CLANG_WARN_EMPTY_BODY = YES;
				CLANG_WARN_ENUM_CONVERSION = YES;
				CLANG_WARN_INFINITE_RECURSION = YES;
				CLANG_WARN_INT_CONVERSION = YES;
				CLANG_WARN_NON_LITERAL_NULL_CONVERSION = YES;
				CLANG_WARN_OBJC_LITERAL_CONVERSION = YES;
				CLANG_WARN_OBJC_ROOT_CLASS = YES_ERROR;
				CLANG_WARN_RANGE_LOOP_ANALYSIS = YES;
				CLANG_WARN_STRICT_PROTOTYPES = YES;
				CLANG_WARN_SUSPICIOUS_MOVE = YES;
				CLANG_WARN_UNGUARDED_AVAILABILITY = YES_AGGRESSIVE;
				CLANG_WARN_UNREACHABLE_CODE = YES;
				CLANG_WARN__DUPLICATE_METHOD_MATCH = YES;
				CODE_SIGN_IDENTITY = "-";
				COPY_PHASE_STRIP = NO;
				DEBUG_INFORMATION_FORMAT = "dwarf-with-dsym";
				ENABLE_NS_ASSERTIONS = NO;
				ENABLE_STRICT_OBJC_MSGSEND = YES;
				GCC_C_LANGUAGE_STANDARD = gnu11;
				GCC_NO_COMMON_BLOCKS = YES;
				GCC_WARN_64_TO_32_BIT_CONVERSION = YES;
				GCC_WARN_ABOUT_RETURN_TYPE = YES_ERROR;
				GCC_WARN_UNDECLARED_SELECTOR = YES;
				GCC_WARN_UNINITIALIZED_AUTOS = YES_AGGRESSIVE;
				GCC_WARN_UNUSED_FUNCTION = YES;
				GCC_WARN_UNUSED_VARIABLE = YES;
				MACOSX_DEPLOYMENT_TARGET = 10.13;
				MTL_ENABLE_DEBUG_INFO = NO;
				SDKROOT = macosx;
				SWIFT_OPTIMIZATION_LEVEL = "-Owholemodule";
			};
			name = Release;
		};
		912B7FB72029E5FB00B6446D /* Debug */ = {
			isa = XCBuildConfiguration;
			buildSettings = {
				CODE_SIGN_STYLE = Automatic;
				PRODUCT_NAME = "$(TARGET_NAME)";
				SWIFT_VERSION = 4.0;
			};
			name = Debug;
		};
		912B7FB82029E5FB00B6446D /* Release */ = {
			isa = XCBuildConfiguration;
			buildSettings = {
				CODE_SIGN_STYLE = Automatic;
				PRODUCT_NAME = "$(TARGET_NAME)";
				SWIFT_VERSION = 4.0;
			};
			name = Release;
		};
/* End XCBuildConfiguration section */

/* Begin XCConfigurationList section */
		912B7FAA2029E5FB00B6446D /* Build configuration list for PBXProject "day7" */ = {
			isa = XCConfigurationList;
			buildConfigurations = (
				912B7FB42029E5FB00B6446D /* Debug */,
				912B7FB52029E5FB00B6446D /* Release */,
			);
			defaultConfigurationIsVisible = 0;
			defaultConfigurationName = Release;
		};
		912B7FB62029E5FB00B6446D /* Build configuration list for PBXNativeTarget "day7" */ = {
			isa = XCConfigurationList;
			buildConfigurations = (
				912B7FB72029E5FB00B6446D /* Debug */,
				912B7FB82029E5FB00B6446D /* Release */,
			);
			defaultConfigurationIsVisible = 0;
			defaultConfigurationName = Release;
		};
/* End XCConfigurationList section */
	};
	rootObject = 912B7FA72029E5FB00B6446D /* Project object */;
}
